<?xml version="1.0" encoding="utf-8"?>
<Project ToolsVersion="4.0" xmlns="http://schemas.microsoft.com/developer/msbuild/2003">
  <ItemGroup>
    <Filter Include="Source Files">
      <UniqueIdentifier>{4FC737F1-C7A5-4376-A066-2A32D752A2FF}</UniqueIdentifier>
      <Extensions>cpp;c;cc;cxx;c++;cppm;ixx;def;odl;idl;hpj;bat;asm;asmx</Extensions>
    </Filter>
    <Filter Include="Header Files">
      <UniqueIdentifier>{93995380-89BD-4b04-88EB-625FBE52EBFB}</UniqueIdentifier>
      <Extensions>h;hh;hpp;hxx;h++;hm;inl;inc;ipp;xsd</Extensions>
    </Filter>
    <Filter Include="Resource Files">
      <UniqueIdentifier>{67DA6AB6-F800-4c08-8B7A-83BB121AAD01}</UniqueIdentifier>
      <Extensions>rc;ico;cur;bmp;dlg;rc2;rct;bin;rgs;gif;jpg;jpeg;jpe;resx;tiff;tif;png;wav;mfcribbon-ms</Extensions>
    </Filter>
    <Filter Include="Soarks">
      <UniqueIdentifier>{a6164199-5cdd-4787-b350-895d6c73e9e6}</UniqueIdentifier>
    </Filter>
    <Filter Include="Soarks\Header Files">
      <UniqueIdentifier>{257d4517-3c7e-411d-b536-3d47aae7db99}</UniqueIdentifier>
    </Filter>
    <Filter Include="Soarks\Source Files">
      <UniqueIdentifier>{d66dfbcf-3b62-4887-b406-9e2081441d39}</UniqueIdentifier>
    </Filter>
    <Filter Include="Soarks\Source Files\Utilities">
      <UniqueIdentifier>{b893a4d3-c54c-4411-82b2-8d327fe2a1bf}</UniqueIdentifier>
    </Filter>
    <Filter Include="Soarks\Header Files\Utilities">
      <UniqueIdentifier>{1b73832a-4a36-41c4-bdd6-dba89b168f0b}</UniqueIdentifier>
    </Filter>
  </ItemGroup>
  <ItemGroup>
    <ClCompile Include="main.cpp">
      <Filter>Source Files</Filter>
    </ClCompile>
    <ClCompile Include="Soarks\Application.cpp">
      <Filter>Soarks\Source Files</Filter>
    </ClCompile>
    <ClCompile Include="Soarks\Screen.cpp">
      <Filter>Soarks\Source Files</Filter>
    </ClCompile>
    <ClCompile Include="Soarks\GameInstance.cpp">
      <Filter>Source Files</Filter>
    </ClCompile>
    <ClCompile Include="Soarks\Utilites\Config.cpp">
      <Filter>Soarks\Source Files\Utilities</Filter>
    </ClCompile>
  </ItemGroup>
  <ItemGroup>
    <ClInclude Include="resource.h">
      <Filter>Header Files</Filter>
    </ClInclude>
    <ClInclude Include="Soarks\Application.h">
      <Filter>Soarks\Header Files</Filter>
    </ClInclude>
    <ClInclude Include="Soarks\Screen.h">
      <Filter>Soarks\Header Files</Filter>
    </ClInclude>
    <ClInclude Include="Soarks\Utilites\Config.h">
      <Filter>Soarks\Header Files\Utilities</Filter>
    </ClInclude>
    <ClInclude Include="Soarks\GameInstance.h">
      <Filter>Header Files</Filter>
    </ClInclude>
  </ItemGroup>
  <ItemGroup>
    <ResourceCompile Include="Soarks.rc">
      <Filter>Resource Files</Filter>
    </ResourceCompile>
  </ItemGroup>
</Project>